{
  "name": "javascript_workshop",
  "version": "1.0.0",
  "lockfileVersion": 2,
  "requires": true,
  "packages": {
    "": {
      "name": "javascript_workshop",
      "version": "1.0.0",
      "license": "ISC",
      "dependencies": {
        "bootstrap-show-password-toggle": "^1.3.0"
      }
    },
    "node_modules/bootstrap-show-password-toggle": {
      "version": "1.3.0",
      "resolved": "https://registry.npmjs.org/bootstrap-show-password-toggle/-/bootstrap-show-password-toggle-1.3.0.tgz",
      "integrity": "sha512-KAhmWqtiwCryRPh0d2I+20NeSlTpXZqHCOylp582kQFKGs2xmt2c5vNux8+pYhHwlHd8wIW3ls2cpHFmv/wxVQ==",
      "funding": {
        "type": "PayPal",
        "url": "https://paypal.me/coliff"
      }
    }
  },
  "dependencies": {
    "bootstrap-show-password-toggle": {
      "version": "1.3.0",
      "resolved": "https://registry.npmjs.org/bootstrap-show-password-toggle/-/bootstrap-show-password-toggle-1.3.0.tgz",
      "integrity": "sha512-KAhmWqtiwCryRPh0d2I+20NeSlTpXZqHCOylp582kQFKGs2xmt2c5vNux8+pYhHwlHd8wIW3ls2cpHFmv/wxVQ=="
    }
  }
}
